// !$*UTF8*$!
{
	archiveVersion = 1;
	classes = {
	};
	objectVersion = 50;
	objects = {

/* Begin PBXBuildFile section */
		271452F8223BCC4900BA636B /* AppDelegate.swift in Sources */ = {isa = PBXBuildFile; fileRef = 271452F7223BCC4900BA636B /* AppDelegate.swift */; };
		271452FA223BCC4900BA636B /* ViewController.swift in Sources */ = {isa = PBXBuildFile; fileRef = 271452F9223BCC4900BA636B /* ViewController.swift */; };
		271452FD223BCC4900BA636B /* Main.storyboard in Resources */ = {isa = PBXBuildFile; fileRef = 271452FB223BCC4900BA636B /* Main.storyboard */; };
		271452FF223BCC4B00BA636B /* Assets.xcassets in Resources */ = {isa = PBXBuildFile; fileRef = 271452FE223BCC4B00BA636B /* Assets.xcassets */; };
		27145302223BCC4B00BA636B /* LaunchScreen.storyboard in Resources */ = {isa = PBXBuildFile; fileRef = 27145300223BCC4B00BA636B /* LaunchScreen.storyboard */; };
		27FDE400224CDA6E0047542D /* Ns.swift in Sources */ = {isa = PBXBuildFile; fileRef = 27FDE3FF224CDA6E0047542D /* Ns.swift */; };
/* End PBXBuildFile section */

/* Begin PBXFileReference section */
		271452F4223BCC4900BA636B /* NS API test.app */ = {isa = PBXFileReference; explicitFileType = wrapper.application; includeInIndex = 0; path = "NS API test.app"; sourceTree = BUILT_PRODUCTS_DIR; };
		271452F7223BCC4900BA636B /* AppDelegate.swift */ = {isa = PBXFileReference; lastKnownFileType = sourcecode.swift; path = AppDelegate.swift; sourceTree = "<group>"; };
		271452F9223BCC4900BA636B /* ViewController.swift */ = {isa = PBXFileReference; lastKnownFileType = sourcecode.swift; path = ViewController.swift; sourceTree = "<group>"; };
		271452FC223BCC4900BA636B /* Base */ = {isa = PBXFileReference; lastKnownFileType = file.storyboard; name = Base; path = Base.lproj/Main.storyboard; sourceTree = "<group>"; };
		271452FE223BCC4B00BA636B /* Assets.xcassets */ = {isa = PBXFileReference; lastKnownFileType = folder.assetcatalog; path = Assets.xcassets; sourceTree = "<group>"; };
		27145301223BCC4B00BA636B /* Base */ = {isa = PBXFileReference; lastKnownFileType = file.storyboard; name = Base; path = Base.lproj/LaunchScreen.storyboard; sourceTree = "<group>"; };
		27145303223BCC4B00BA636B /* Info.plist */ = {isa = PBXFileReference; lastKnownFileType = text.plist.xml; path = Info.plist; sourceTree = "<group>"; };
		27FDE3FF224CDA6E0047542D /* Ns.swift */ = {isa = PBXFileReference; lastKnownFileType = sourcecode.swift; path = Ns.swift; sourceTree = "<group>"; };
/* End PBXFileReference section */

/* Begin PBXFrameworksBuildPhase section */
		271452F1223BCC4900BA636B /* Frameworks */ = {
			isa = PBXFrameworksBuildPhase;
			buildActionMask = 2147483647;
			files = (
			);
			runOnlyForDeploymentPostprocessing = 0;
		};
/* End PBXFrameworksBuildPhase section */

/* Begin PBXGroup section */
		271452EB223BCC4900BA636B = {
			isa = PBXGroup;
			children = (
				271452F6223BCC4900BA636B /* NS API test */,
				271452F5223BCC4900BA636B /* Products */,
			);
			sourceTree = "<group>";
		};
		271452F5223BCC4900BA636B /* Products */ = {
			isa = PBXGroup;
			children = (
				271452F4223BCC4900BA636B /* NS API test.app */,
			);
			name = Products;
			sourceTree = "<group>";
		};
		271452F6223BCC4900BA636B /* NS API test */ = {
			isa = PBXGroup;
			children = (
				271452F7223BCC4900BA636B /* AppDelegate.swift */,
				27FDE3FF224CDA6E0047542D /* Ns.swift */,
				271452F9223BCC4900BA636B /* ViewController.swift */,
				271452FB223BCC4900BA636B /* Main.storyboard */,
				271452FE223BCC4B00BA636B /* Assets.xcassets */,
				27145300223BCC4B00BA636B /* LaunchScreen.storyboard */,
				27145303223BCC4B00BA636B /* Info.plist */,
			);
			path = "NS API test";
			sourceTree = "<group>";
		};
/* End PBXGroup section */

/* Begin PBXNativeTarget section */
		271452F3223BCC4900BA636B /* NS API test */ = {
			isa = PBXNativeTarget;
			buildConfigurationList = 27145306223BCC4B00BA636B /* Build configuration list for PBXNativeTarget "NS API test" */;
			buildPhases = (
				271452F0223BCC4900BA636B /* Sources */,
				271452F1223BCC4900BA636B /* Frameworks */,
				271452F2223BCC4900BA636B /* Resources */,
			);
			buildRules = (
			);
			dependencies = (
			);
			name = "NS API test";
			productName = "NS API test";
			productReference = 271452F4223BCC4900BA636B /* NS API test.app */;
			productType = "com.apple.product-type.application";
		};
/* End PBXNativeTarget section */

/* Begin PBXProject section */
		271452EC223BCC4900BA636B /* Project object */ = {
			isa = PBXProject;
			attributes = {
				LastSwiftUpdateCheck = 1010;
				LastUpgradeCheck = 1010;
				ORGANIZATIONNAME = "Mike Hendriks";
				TargetAttributes = {
					271452F3223BCC4900BA636B = {
						CreatedOnToolsVersion = 10.1;
					};
				};
			};
			buildConfigurationList = 271452EF223BCC4900BA636B /* Build configuration list for PBXProject "NS API test" */;
			compatibilityVersion = "Xcode 9.3";
			developmentRegion = en;
			hasScannedForEncodings = 0;
			knownRegions = (
				en,
				Base,
			);
			mainGroup = 271452EB223BCC4900BA636B;
			productRefGroup = 271452F5223BCC4900BA636B /* Products */;
			projectDirPath = "";
			projectRoot = "";
			targets = (
				271452F3223BCC4900BA636B /* NS API test */,
			);
		};
/* End PBXProject section */

/* Begin PBXResourcesBuildPhase section */
		271452F2223BCC4900BA636B /* Resources */ = {
			isa = PBXResourcesBuildPhase;
			buildActionMask = 2147483647;
			files = (
				27145302223BCC4B00BA636B /* LaunchScreen.storyboard in Resources */,
				271452FF223BCC4B00BA636B /* Assets.xcassets in Resources */,
				271452FD223BCC4900BA636B /* Main.storyboard in Resources */,
			);
			runOnlyForDeploymentPostprocessing = 0;
		};
/* End PBXResourcesBuildPhase section */

/* Begin PBXSourcesBuildPhase section */
		271452F0223BCC4900BA636B /* Sources */ = {
			isa = PBXSourcesBuildPhase;
			buildActionMask = 2147483647;
			files = (
				271452FA223BCC4900BA636B /* ViewController.swift in Sources */,
				271452F8223BCC4900BA636B /* AppDelegate.swift in Sources */,
				27FDE400224CDA6E0047542D /* Ns.swift in Sources */,
			);
			runOnlyForDeploymentPostprocessing = 0;
		};
/* End PBXSourcesBuildPhase section */

/* Begin PBXVariantGroup section */
		271452FB223BCC4900BA636B /* Main.storyboard */ = {
			isa = PBXVariantGroup;
			children = (
				271452FC223BCC4900BA636B /* Base */,
			);
			name = Main.storyboard;
			sourceTree = "<group>";
		};
		27145300223BCC4B00BA636B /* LaunchScreen.storyboard */ = {
			isa = PBXVariantGroup;
			children = (
				27145301223BCC4B00BA636B /* Base */,
			);
			name = LaunchScreen.storyboard;
			sourceTree = "<group>";
		};
/* End PBXVariantGroup section */

/* Begin XCBuildConfiguration section */
		27145304223BCC4B00BA636B /* Debug */ = {
			isa = XCBuildConfiguration;
			buildSettings = {
				ALWAYS_SEARCH_USER_PATHS = NO;
				CLANG_ANALYZER_NONNULL = YES;
				CLANG_ANALYZER_NUMBER_OBJECT_CONVERSION = YES_AGGRESSIVE;
				CLANG_CXX_LANGUAGE_STANDARD = "gnu++14";
				CLANG_CXX_LIBRARY = "libc++";
				CLANG_ENABLE_MODULES = YES;
				CLANG_ENABLE_OBJC_ARC = YES;
				CLANG_ENABLE_OBJC_WEAK = YES;
				CLANG_WARN_BLOCK_CAPTURE_AUTORELEASING = YES;
				CLANG_WARN_BOOL_CONVERSION = YES;
				CLANG_WARN_COMMA = YES;
				CLANG_WARN_CONSTANT_CONVERSION = YES;
				CLANG_WARN_DEPRECATED_OBJC_IMPLEMENTATIONS = YES;
				CLANG_WARN_DIRECT_OBJC_ISA_USAGE = YES_ERROR;
				CLANG_WARN_DOCUMENTATION_COMMENTS = YES;
				CLANG_WARN_EMPTY_BODY = YES;
				CLANG_WARN_ENUM_CONVERSION = YES;
				CLANG_WARN_INFINITE_RECURSION = YES;
				CLANG_WARN_INT_CONVERSION = YES;
				CLANG_WARN_NON_LITERAL_NULL_CONVERSION = YES;
				CLANG_WARN_OBJC_IMPLICIT_RETAIN_SELF = YES;
				CLANG_WARN_OBJC_LITERAL_CONVERSION = YES;
				CLANG_WARN_OBJC_ROOT_CLASS = YES_ERROR;
				CLANG_WARN_RANGE_LOOP_ANALYSIS = YES;
				CLANG_WARN_STRICT_PROTOTYPES = YES;
				CLANG_WARN_SUSPICIOUS_MOVE = YES;
				CLANG_WARN_UNGUARDED_AVAILABILITY = YES_AGGRESSIVE;
				CLANG_WARN_UNREACHABLE_CODE = YES;
				CLANG_WARN__DUPLICATE_METHOD_MATCH = YES;
				CODE_SIGN_IDENTITY = "iPhone Developer";
				COPY_PHASE_STRIP = NO;
				DEBUG_INFORMATION_FORMAT = dwarf;
				ENABLE_STRICT_OBJC_MSGSEND = YES;
				ENABLE_TESTABILITY = YES;
				GCC_C_LANGUAGE_STANDARD = gnu11;
				GCC_DYNAMIC_NO_PIC = NO;
				GCC_NO_COMMON_BLOCKS = YES;
				GCC_OPTIMIZATION_LEVEL = 0;
				GCC_PREPROCESSOR_DEFINITIONS = (
					"DEBUG=1",
					"$(inherited)",
				);
				GCC_WARN_64_TO_32_BIT_CONVERSION = YES;
				GCC_WARN_ABOUT_RETURN_TYPE = YES_ERROR;
				GCC_WARN_UNDECLARED_SELECTOR = YES;
				GCC_WARN_UNINITIALIZED_AUTOS = YES_AGGRESSIVE;
				GCC_WARN_UNUSED_FUNCTION = YES;
				GCC_WARN_UNUSED_VARIABLE = YES;
				IPHONEOS_DEPLOYMENT_TARGET = 12.1;
				MTL_ENABLE_DEBUG_INFO = INCLUDE_SOURCE;
				MTL_FAST_MATH = YES;
				ONLY_ACTIVE_ARCH = YES;
				SDKROOT = iphoneos;
				SWIFT_ACTIVE_COMPILATION_CONDITIONS = DEBUG;
				SWIFT_OPTIMIZATION_LEVEL = "-Onone";
			};
			name = Debug;
		};
		27145305223BCC4B00BA636B /* Release */ = {
			isa = XCBuildConfiguration;
			buildSettings = {
				ALWAYS_SEARCH_USER_PATHS = NO;
				CLANG_ANALYZER_NONNULL = YES;
				CLANG_ANALYZER_NUMBER_OBJECT_CONVERSION = YES_AGGRESSIVE;
				CLANG_CXX_LANGUAGE_STANDARD = "gnu++14";
				CLANG_CXX_LIBRARY = "libc++";
				CLANG_ENABLE_MODULES = YES;
				CLANG_ENABLE_OBJC_ARC = YES;
				CLANG_ENABLE_OBJC_WEAK = YES;
				CLANG_WARN_BLOCK_CAPTURE_AUTORELEASING = YES;
				CLANG_WARN_BOOL_CONVERSION = YES;
				CLANG_WARN_COMMA = YES;
				CLANG_WARN_CONSTANT_CONVERSION = YES;
				CLANG_WARN_DEPRECATED_OBJC_IMPLEMENTATIONS = YES;
				CLANG_WARN_DIRECT_OBJC_ISA_USAGE = YES_ERROR;
				CLANG_WARN_DOCUMENTATION_COMMENTS = YES;
				CLANG_WARN_EMPTY_BODY = YES;
				CLANG_WARN_ENUM_CONVERSION = YES;
				CLANG_WARN_INFINITE_RECURSION = YES;
				CLANG_WARN_INT_CONVERSION = YES;
				CLANG_WARN_NON_LITERAL_NULL_CONVERSION = YES;
				CLANG_WARN_OBJC_IMPLICIT_RETAIN_SELF = YES;
				CLANG_WARN_OBJC_LITERAL_CONVERSION = YES;
				CLANG_WARN_OBJC_ROOT_CLASS = YES_ERROR;
				CLANG_WARN_RANGE_LOOP_ANALYSIS = YES;
				CLANG_WARN_STRICT_PROTOTYPES = YES;
				CLANG_WARN_SUSPICIOUS_MOVE = YES;
				CLANG_WARN_UNGUARDED_AVAILABILITY = YES_AGGRESSIVE;
				CLANG_WARN_UNREACHABLE_CODE = YES;
				CLANG_WARN__DUPLICATE_METHOD_MATCH = YES;
				CODE_SIGN_IDENTITY = "iPhone Developer";
				COPY_PHASE_STRIP = NO;
				DEBUG_INFORMATION_FORMAT = "dwarf-with-dsym";
				ENABLE_NS_ASSERTIONS = NO;
				ENABLE_STRICT_OBJC_MSGSEND = YES;
				GCC_C_LANGUAGE_STANDARD = gnu11;
				GCC_NO_COMMON_BLOCKS = YES;
				GCC_WARN_64_TO_32_BIT_CONVERSION = YES;
				GCC_WARN_ABOUT_RETURN_TYPE = YES_ERROR;
				GCC_WARN_UNDECLARED_SELECTOR = YES;
				GCC_WARN_UNINITIALIZED_AUTOS = YES_AGGRESSIVE;
				GCC_WARN_UNUSED_FUNCTION = YES;
				GCC_WARN_UNUSED_VARIABLE = YES;
				IPHONEOS_DEPLOYMENT_TARGET = 12.1;
				MTL_ENABLE_DEBUG_INFO = NO;
				MTL_FAST_MATH = YES;
				SDKROOT = iphoneos;
				SWIFT_COMPILATION_MODE = wholemodule;
				SWIFT_OPTIMIZATION_LEVEL = "-O";
				VALIDATE_PRODUCT = YES;
			};
			name = Release;
		};
		27145307223BCC4B00BA636B /* Debug */ = {
			isa = XCBuildConfiguration;
			buildSettings = {
				ASSETCATALOG_COMPILER_APPICON_NAME = AppIcon;
				CODE_SIGN_STYLE = Automatic;
				INFOPLIST_FILE = "NS API test/Info.plist";
				LD_RUNPATH_SEARCH_PATHS = (
					"$(inherited)",
					"@executable_path/Frameworks",
				);
				PRODUCT_BUNDLE_IDENTIFIER = "mikehendriks.NS-API-test";
				PRODUCT_NAME = "$(TARGET_NAME)";
				SWIFT_VERSION = 4.2;
				TARGETED_DEVICE_FAMILY = "1,2";
			};
			name = Debug;
		};
		27145308223BCC4B00BA636B /* Release */ = {
			isa = XCBuildConfiguration;
			buildSettings = {
				ASSETCATALOG_COMPILER_APPICON_NAME = AppIcon;
				CODE_SIGN_STYLE = Automatic;
				INFOPLIST_FILE = "NS API test/Info.plist";
				LD_RUNPATH_SEARCH_PATHS = (
					"$(inherited)",
					"@executable_path/Frameworks",
				);
				PRODUCT_BUNDLE_IDENTIFIER = "mikehendriks.NS-API-test";
				PRODUCT_NAME = "$(TARGET_NAME)";
				SWIFT_VERSION = 4.2;
				TARGETED_DEVICE_FAMILY = "1,2";
			};
			name = Release;
		};
/* End XCBuildConfiguration section */

/* Begin XCConfigurationList section */
		271452EF223BCC4900BA636B /* Build configuration list for PBXProject "NS API test" */ = {
			isa = XCConfigurationList;
			buildConfigurations = (
				27145304223BCC4B00BA636B /* Debug */,
				27145305223BCC4B00BA636B /* Release */,
			);
			defaultConfigurationIsVisible = 0;
			defaultConfigurationName = Release;
		};
		27145306223BCC4B00BA636B /* Build configuration list for PBXNativeTarget "NS API test" */ = {
			isa = XCConfigurationList;
			buildConfigurations = (
				27145307223BCC4B00BA636B /* Debug */,
				27145308223BCC4B00BA636B /* Release */,
			);
			defaultConfigurationIsVisible = 0;
			defaultConfigurationName = Release;
		};
/* End XCConfigurationList section */
	};
	rootObject = 271452EC223BCC4900BA636B /* Project object */;
}
